<?xml version="1.0" encoding="utf-8"?>
<Project ToolsVersion="4.0" xmlns="http://schemas.microsoft.com/developer/msbuild/2003">
  <ItemGroup>
    <Filter Include="Source Files">
      <UniqueIdentifier>{c58ad1a5-4f68-492d-9d71-7c33ff1e2848}</UniqueIdentifier>
      <Extensions>cpp;c;cxx;rc;def;r;odl;idl;hpj;bat</Extensions>
    </Filter>
    <Filter Include="Header Files">
      <UniqueIdentifier>{6895bb77-0e97-4172-b4a3-96a9cbbe06ff}</UniqueIdentifier>
      <Extensions>h;hpp;hxx;hm;inl</Extensions>
    </Filter>
    <Filter Include="Resource Files">
      <UniqueIdentifier>{052d87b0-3068-4d6d-8412-977e0ae87097}</UniqueIdentifier>
      <Extensions>ico;cur;bmp;dlg;rc2;rct;bin;cnt;rtf;gif;jpg;jpeg;jpe</Extensions>
    </Filter>
  </ItemGroup>
  <ItemGroup>
    <ClCompile Include="_Setup.cpp">
      <Filter>Source Files</Filter>
    </ClCompile>
    <ClCompile Include="BOOTFILE.CPP">
      <Filter>Source Files</Filter>
    </ClCompile>
    <ClCompile Include="COMMAND.CPP">
      <Filter>Source Files</Filter>
    </ClCompile>
    <ClCompile Include="Commport.cpp">
      <Filter>Source Files</Filter>
    </ClCompile>
    <ClCompile Include="CRC.CPP">
      <Filter>Source Files</Filter>
    </ClCompile>
    <ClCompile Include="dlgGetSerialNumber.cpp">
      <Filter>Source Files</Filter>
    </ClCompile>
    <ClCompile Include="ExitSuccess.cpp">
      <Filter>Source Files</Filter>
    </ClCompile>
    <ClCompile Include="Installer.cpp">
      <Filter>Source Files</Filter>
    </ClCompile>
    <ClCompile Include="SetupHardware.cpp">
      <Filter>Source Files</Filter>
    </ClCompile>
    <ClCompile Include="SetupLang.cpp">
      <Filter>Source Files</Filter>
    </ClCompile>
    <ClCompile Include="SetupProgressDlg.cpp">
      <Filter>Source Files</Filter>
    </ClCompile>
    <ClCompile Include="SetupSheet.cpp">
      <Filter>Source Files</Filter>
    </ClCompile>
    <ClCompile Include="SetupUtilities.cpp">
      <Filter>Source Files</Filter>
    </ClCompile>
    <ClCompile Include="SetupWelcome.cpp">
      <Filter>Source Files</Filter>
    </ClCompile>
    <ClCompile Include="SetupWindow.cpp">
      <Filter>Source Files</Filter>
    </ClCompile>
    <ClCompile Include="StdAfx.cpp">
      <Filter>Source Files</Filter>
    </ClCompile>
  </ItemGroup>
  <ItemGroup>
    <ResourceCompile Include="_Setup.rc">
      <Filter>Source Files</Filter>
    </ResourceCompile>
  </ItemGroup>
  <ItemGroup>
    <ClInclude Include="_Setup.h">
      <Filter>Header Files</Filter>
    </ClInclude>
    <ClInclude Include="BOOTFILE.H">
      <Filter>Header Files</Filter>
    </ClInclude>
    <ClInclude Include="COMMAND.H">
      <Filter>Header Files</Filter>
    </ClInclude>
    <ClInclude Include="COMMPORT.H">
      <Filter>Header Files</Filter>
    </ClInclude>
    <ClInclude Include="CRC.H">
      <Filter>Header Files</Filter>
    </ClInclude>
    <ClInclude Include="dlgGetSerialNumber.h">
      <Filter>Header Files</Filter>
    </ClInclude>
    <ClInclude Include="DownloadProtocol.h">
      <Filter>Header Files</Filter>
    </ClInclude>
    <ClInclude Include="ExitSuccess.h">
      <Filter>Header Files</Filter>
    </ClInclude>
    <ClInclude Include="Get_Serial_Number.h">
      <Filter>Header Files</Filter>
    </ClInclude>
    <ClInclude Include="GetSerialNumber.h">
      <Filter>Header Files</Filter>
    </ClInclude>
    <ClInclude Include="Installer.h">
      <Filter>Header Files</Filter>
    </ClInclude>
    <ClInclude Include="resource.h">
      <Filter>Header Files</Filter>
    </ClInclude>
    <ClInclude Include="SetupHardware.h">
      <Filter>Header Files</Filter>
    </ClInclude>
    <ClInclude Include="SetupLang.h">
      <Filter>Header Files</Filter>
    </ClInclude>
    <ClInclude Include="SetupProgressDlg.h">
      <Filter>Header Files</Filter>
    </ClInclude>
    <ClInclude Include="SetupSheet.h">
      <Filter>Header Files</Filter>
    </ClInclude>
    <ClInclude Include="SetupType.h">
      <Filter>Header Files</Filter>
    </ClInclude>
    <ClInclude Include="SetupUtilities.h">
      <Filter>Header Files</Filter>
    </ClInclude>
    <ClInclude Include="SetupWelcome.h">
      <Filter>Header Files</Filter>
    </ClInclude>
    <ClInclude Include="SetupWindow.h">
      <Filter>Header Files</Filter>
    </ClInclude>
    <ClInclude Include="StdAfx.h">
      <Filter>Header Files</Filter>
    </ClInclude>
  </ItemGroup>
  <ItemGroup>
    <Image Include="res\_Setup.ico">
      <Filter>Resource Files</Filter>
    </Image>
    <Image Include="res\computer.bmp">
      <Filter>Resource Files</Filter>
    </Image>
    <Image Include="res\esprit.bmp">
      <Filter>Resource Files</Filter>
    </Image>
    <Image Include="res\r100.bmp">
      <Filter>Resource Files</Filter>
    </Image>
    <Image Include="res\Setup16.bmp">
      <Filter>Resource Files</Filter>
    </Image>
    <Image Include="res\Setup256.bmp">
      <Filter>Resource Files</Filter>
    </Image>
  </ItemGroup>
  <ItemGroup>
    <CustomBuild Include="MakeHelp.bat">
      <Filter>Source Files</Filter>
    </CustomBuild>
    <CustomBuild Include="res\_Setup.rc2">
      <Filter>Resource Files</Filter>
    </CustomBuild>
    <CustomBuild Include="hlp\_Setup.rtf">
      <Filter>Resource Files</Filter>
    </CustomBuild>
    <CustomBuild Include="hlp\AfxCore.rtf">
      <Filter>Resource Files</Filter>
    </CustomBuild>
    <CustomBuild Include="hlp\AfxPrint.rtf">
      <Filter>Resource Files</Filter>
    </CustomBuild>
    <CustomBuild Include="setup\Source\.properties" />
    <CustomBuild Include="infotest.htm" />
    <CustomBuild Include="MakeSetup.mak" />
  </ItemGroup>
</Project>